
Microsoft Visual Studio Solution File, Format Version 12.00
# Visual Studio Version 17
VisualStudioVersion = 17.14.36221.1
MinimumVisualStudioVersion = 10.0.40219.1
Project("{FAE04EC0-301F-11D3-BF4B-00C04F79EFBC}") = "MauiAuthPageTemplate", "MauiAuthPageTemplate\MauiAuthPageTemplate.csproj", "{55BB0053-64F9-4AF7-B27D-DC4763ECA5D5}"
EndProject
Project("{FAE04EC0-301F-11D3-BF4B-00C04F79EFBC}") = "AuthenticationMAUI", "..\AuthenticationMAUI\AuthenticationMAUI\AuthenticationMAUI.csproj", "{0117BCFF-9E50-F6C4-0F05-F5A9BF1C27C5}"
EndProject
Project("{FAE04EC0-301F-11D3-BF4B-00C04F79EFBC}") = "MauiShared", "..\MauiShared\MauiShared.csproj", "{57D35A40-9DA2-D6A7-40FB-01C53DCAD2A6}"
EndProject
Project("{FAE04EC0-301F-11D3-BF4B-00C04F79EFBC}") = "MauiLocalAuth", "..\MauiLocalAuth\MauiLocalAuth.csproj", "{3A0DD48A-4E07-4985-E335-24E09243FE80}"
EndProject
Global
	GlobalSection(SolutionConfigurationPlatforms) = preSolution
		Debug|Any CPU = Debug|Any CPU
		Release|Any CPU = Release|Any CPU
	EndGlobalSection
	GlobalSection(ProjectConfigurationPlatforms) = postSolution
		{55BB0053-64F9-4AF7-B27D-DC4763ECA5D5}.Debug|Any CPU.ActiveCfg = Debug|Any CPU
		{55BB0053-64F9-4AF7-B27D-DC4763ECA5D5}.Debug|Any CPU.Build.0 = Debug|Any CPU
		{55BB0053-64F9-4AF7-B27D-DC4763ECA5D5}.Debug|Any CPU.Deploy.0 = Debug|Any CPU
		{55BB0053-64F9-4AF7-B27D-DC4763ECA5D5}.Release|Any CPU.ActiveCfg = Release|Any CPU
		{55BB0053-64F9-4AF7-B27D-DC4763ECA5D5}.Release|Any CPU.Build.0 = Release|Any CPU
		{0117BCFF-9E50-F6C4-0F05-F5A9BF1C27C5}.Debug|Any CPU.ActiveCfg = Debug|Any CPU
		{0117BCFF-9E50-F6C4-0F05-F5A9BF1C27C5}.Debug|Any CPU.Build.0 = Debug|Any CPU
		{0117BCFF-9E50-F6C4-0F05-F5A9BF1C27C5}.Release|Any CPU.ActiveCfg = Release|Any CPU
		{0117BCFF-9E50-F6C4-0F05-F5A9BF1C27C5}.Release|Any CPU.Build.0 = Release|Any CPU
		{57D35A40-9DA2-D6A7-40FB-01C53DCAD2A6}.Debug|Any CPU.ActiveCfg = Debug|Any CPU
		{57D35A40-9DA2-D6A7-40FB-01C53DCAD2A6}.Debug|Any CPU.Build.0 = Debug|Any CPU
		{57D35A40-9DA2-D6A7-40FB-01C53DCAD2A6}.Release|Any CPU.ActiveCfg = Release|Any CPU
		{57D35A40-9DA2-D6A7-40FB-01C53DCAD2A6}.Release|Any CPU.Build.0 = Release|Any CPU
		{3A0DD48A-4E07-4985-E335-24E09243FE80}.Debug|Any CPU.ActiveCfg = Debug|Any CPU
		{3A0DD48A-4E07-4985-E335-24E09243FE80}.Debug|Any CPU.Build.0 = Debug|Any CPU
		{3A0DD48A-4E07-4985-E335-24E09243FE80}.Release|Any CPU.ActiveCfg = Release|Any CPU
		{3A0DD48A-4E07-4985-E335-24E09243FE80}.Release|Any CPU.Build.0 = Release|Any CPU
	EndGlobalSection
	GlobalSection(SolutionProperties) = preSolution
		HideSolutionNode = FALSE
	EndGlobalSection
	GlobalSection(ExtensibilityGlobals) = postSolution
		SolutionGuid = {516277C0-B6EF-4D88-A1FB-E3D511B81F0D}
	EndGlobalSection
EndGlobal
